github.com/LK4D4/trylock v0.0.0-20191027065348-ff7e133a5c54 h1:sg9CWNOhr58hMGmJ0q7x7jQ/B1RK/GyHNmeaYCJos9M=
github.com/OneOfOne/cmap v0.0.0-20170825200327-ccaef7657ab8 h1:LvJrjPfvQXehyO8Vs6HK2X1jbL+8cKA5R84gj8+IIi0=
github.com/OneOfOne/cmap v0.0.0-20170825200327-ccaef7657ab8/go.mod h1:jQmVrGXGFu7sbAteKCQgJWfTJbEHUaxGw4EKV0AQxIU=
github.com/OneOfOne/xxhash v1.2.2 h1:KMrpdQIwFcEqXDklaen+P1axHaj9BSKzvpUUfnHldSE=
github.com/OneOfOne/xxhash v1.2.2/go.mod h1:HSdplMjZKSmBqAxg5vPj2TmRDmfkzw+cTzAElWljhcU=
github.com/alphadose/haxmap v1.3.1 h1:KmZh75duO1tC8pt3LmUwoTYiZ9sh4K52FX8p7/yrlqU=
github.com/alphadose/haxmap v1.3.1/go.mod h1:rjHw1IAqbxm0S3U5tD16GoKsiAd8FWx5BJ2IYqXwgmM=
github.com/antoniomo/shardedmap v0.0.0-20190929163422-646a321d4a06 h1:OYRhEpSYnVPvnPtRRzz9rmK+EHTMRRpk7Xq3Q8jCNuk=
github.com/antoniomo/shardedmap v0.0.0-20190929163422-646a321d4a06/go.mod h1:fYSnFQ0SBbsI6wb6EgiF6s0wHIUbT6JW9RgF/O38rUY=
github.com/cespare/xxhash v1.1.0 h1:a6HrQnmkObjyL+Gs60czilIUGqrzKutQD6XZog3p+ko=
github.com/cespare/xxhash v1.1.0/go.mod h1:XrSqR1VqqWfGrhpAt58auRo0WTKS1nRRg3ghfAqPWnc=
github.com/cespare/xxhash/v2 v2.1.2 h1:YRXhKfTDauu4ajMg1TPgFO5jnlC2HCbmLXMcTG5cbYE=
github.com/cespare/xxhash/v2 v2.1.2/go.mod h1:VGX0DQ3Q6kWi7AoAeZDth3/j3BFtOZR5XLFGgcrjCOs=
github.com/cornelk/hashmap v1.0.8 h1:nv0AWgw02n+iDcawr5It4CjQIAcdMMKRrs10HOJYlrc=
github.com/cornelk/hashmap v1.0.8/go.mod h1:RfZb7JO3RviW/rT6emczVuC/oxpdz4UsSB2LJSclR1k=
github.com/davecgh/go-spew v1.1.0/go.mod h1:J7Y8YcW2NihsgmVo/mv3lAwl/skON4iLHjSsI+c5H38=
github.com/davecgh/go-spew v1.1.1 h1:vj9j/u1bqnvCEfJOwUhtlOARqs3+rkHYY13jYWTU97c=
github.com/dchest/siphash v1.2.2 h1:9DFz8tQwl9pTVt5iok/9zKyzA1Q6bRGiF3HPiEEVr9I=
github.com/dchest/siphash v1.2.2/go.mod h1:q+IRvb2gOSrUnYoPqHiyHXS0FOBBOdl6tONBlVnOnt4=
github.com/dustinxie/lockfree v0.0.0-20210712051436-ed0ed42fd0d6 h1:OCG9DHxQwv2sABVGARZaUh4OK8dVaR3kzTIHV0vW4gg=
github.com/dustinxie/lockfree v0.0.0-20210712051436-ed0ed42fd0d6/go.mod h1:m7oIj8lFrQgKxP9h9m6GxjzGbTuMD5/5yXF8+pTpJms=
github.com/easierway/concurrent_map v1.0.0 h1:0NllRBqMFmz5GIh6QS6zQ3hXoHx9Qg269kxulMQkL/w=
github.com/easierway/concurrent_map v1.0.0/go.mod h1:03wbRB/3rTQV+WtQkl+4IJoKciueQRfKmBcO+agCg6o=
github.com/fanliao/go-concurrentMap v0.0.0-20141114143905-7d2d7a5ea67b h1:aHrWACMJZJ160Pl0qlH6s0/+5Kb1KYG/kEUTaZCW7QY=
github.com/fanliao/go-concurrentMap v0.0.0-20141114143905-7d2d7a5ea67b/go.mod h1:DRc7ieGsJItxOsZ2lnqemj92zsSsBjBepuritZaumSE=
github.com/gopherjs/gopherjs v1.17.2 h1:fQnZVsXk8uxXIStYb0N4bGk7jeyTalG/wsZjQ25dO0g=
github.com/hfdpx/ConcurrentHashMap v0.0.0-20220212043040-5527e4297687 h1:nNyBXneEp6VM+4fhRJIBzRvG4JAgyjsce86D53EAyD0=
github.com/hfdpx/ConcurrentHashMap v0.0.0-20220212043040-5527e4297687/go.mod h1:jJTxRd1TMCpZ5huHyBGr5mOcZbCch7hYU+UMZXwxuwk=
github.com/jtolds/gls v4.20.0+incompatible h1:xdiiI2gbIgH/gLH7ADydsJ1uDOEzR8yvV7C0MuV77Wo=
github.com/kazu/elist_head v0.2.8 h1:F64dxJdud5X8tC1E7y3CU7QvuUfxaL2I2bd49dhLdys=
github.com/kazu/elist_head v0.2.8/go.mod h1:cqLmEvmR0Q/TKzMnwrjigARfIUfrpNjjNoH39NSFoIc=
github.com/kazu/loncha v0.4.11 h1:IcBkwTFPgi+T5vr6KsQM3qTEkD2quWiMj8d4gQfrT04=
github.com/kazu/loncha v0.4.11/go.mod h1:25zkNEnAanUtYnSmApyGoJOQ96tByBur+ZI8oiSF4y8=
github.com/kazu/skiplistmap v0.7.3 h1:XnaJdwU4pLbCkQjllIRm7oU/qBxQcAwpyRj/v+qSrpE=
github.com/kazu/skiplistmap v0.7.3/go.mod h1:EVswJfDd7Vwnxk31NYq6Fm02nHCYxGHdoxYzScLQBi0=
github.com/lk4d4/trylock v0.0.0-20191027065348-ff7e133a5c54 h1:5vdHJS+6Lu5Bo+GKTZn4x8/ubAwOAelNkBwXdlj8+5M=
github.com/lk4d4/trylock v0.0.0-20191027065348-ff7e133a5c54/go.mod h1:gntuLfj6sBWVgpZRQb6aULOHUPQG7R8mq2GJhVyL49s=
github.com/lrita/cmap v0.0.0-20231108122212-cb084a67f554 h1:a0+bIffIh/HdvvgtPQLRhOef1VDSxZ+8bQiyjQlJzqc=
github.com/lrita/cmap v0.0.0-20231108122212-cb084a67f554/go.mod h1:Cn9TaoncDT8Tt/aJ7CIZy+t48MaZWDEwhu1bBXwrzLI=
github.com/mhmtszr/concurrent-swiss-map v1.0.6 h1:buAXz0eIWJm0ogPWJGKXdONOzk7aW1Qi0/qzPhZMvGE=
github.com/mhmtszr/concurrent-swiss-map v1.0.6/go.mod h1:F6QETL48Qn7jEJ3ZPt7EqRZjAAZu7lRQeQGIzXuUIDc=
github.com/mojinfu/cmap v0.0.0-20190228090126-77d9682f871c h1:LarPBsoYeKI9aghEeoQQSq67tVvXwzQ4NLIQGeSHIEY=
github.com/mojinfu/cmap v0.0.0-20190228090126-77d9682f871c/go.mod h1:9rhZC7H5bmPQ7ONErNGGNUmOlzfmWg4LeMKqCTV0TzI=
github.com/orcaman/concurrent-map v1.0.0 h1:I/2A2XPCb4IuQWcQhBhSwGfiuybl/J0ev9HDbW65HOY=
github.com/orcaman/concurrent-map v1.0.0/go.mod h1:Lu3tH6HLW3feq74c2GC+jIMS/K2CFcDWnWD9XkenwhI=
github.com/pmezard/go-difflib v1.0.0 h1:4DBwDE0NGyQoBHbLQYPwSUPoCMWR5BEzIk/f1lZbAQM=
github.com/pmezard/go-difflib v1.0.0/go.mod h1:iKH77koFhYxTK1pcRnkKkqfTogsbg7gZNVY4sRDYZ/4=
github.com/rfyiamcool/ccmap v0.0.0-20210727103115-4fb7ea551f6f h1:oz3EzdFV1Jvaj8SQVFHNOpWytGQ8LG40BAF5eSvngvY=
github.com/rfyiamcool/ccmap v0.0.0-20210727103115-4fb7ea551f6f/go.mod h1:QvzKbHWGfEtHgLBm4ptxEe8ayXKh79U5XmgNf00WM2E=
github.com/seehuhn/mt19937 v0.0.0-20180715112136-cc7708819361 h1:Nnks5IJM8QjJsF+ZL79E8qQLlEgbpd3l3T9A4A+OLrc=
github.com/seehuhn/mt19937 v0.0.0-20180715112136-cc7708819361/go.mod h1:w+IAy13Luqfsp+plFpT1RiqauADylJKmpkrWFwpjbsc=
github.com/smarty/assertions v1.15.0 h1:cR//PqUBUiQRakZWqBiFFQ9wb8emQGDb0HeGdqGByCY=
github.com/smartystreets/goconvey v1.8.1 h1:qGjIddxOk4grTu9JPOU31tVfq3cNdBlNa5sSznIX1xY=
github.com/smartystreets/goconvey v1.8.1/go.mod h1:+/u4qLyY6x1jReYOp7GOM2FSt8aP9CzCZL03bI28W60=
github.com/spaolacci/murmur3 v0.0.0-20180118202830-f09979ecbc72 h1:qLC7fQah7D6K1B0ujays3HV9gkFtllcxhzImRR7ArPQ=
github.com/spaolacci/murmur3 v0.0.0-20180118202830-f09979ecbc72/go.mod h1:JwIasOWyU6f++ZhiEuf87xNszmSA2myDM2Kzu9HwQUA=
github.com/stretchr/objx v0.1.0/go.mod h1:HFkY916IF+rwdDfMAkV7OtwuqBVzrE8GR6GFx+wExME=
github.com/stretchr/testify v1.6.1/go.mod h1:6Fq8oRcR53rry900zMqJjRRixrwX3KX962/h/Wwjteg=
github.com/stretchr/testify v1.9.0 h1:HtqpIVDClZ4nwg75+f6Lvsy/wHu+3BoSGCbBAcpTsTg=
github.com/stretchr/testify v1.9.0/go.mod h1:r2ic/lqez/lEtzL7wO/rwa5dbSLXVDPFyf8C91i36aY=
github.com/thoas/go-funk v0.7.0 h1:GmirKrs6j6zJbhJIficOsz2aAI7700KsU/5YrdHRM1Y=
github.com/tidwall/rhh v1.3.0 h1:h1IgtTuj8pSfkbZrMe2Pm4kDXA9kW4LngkLbNWAsSVk=
github.com/tidwall/rhh v1.3.0/go.mod h1:3NiTkSadBWYOd2xso3eEOeDUO7vP0aFfcPqebljRqyI=
github.com/tidwall/shardmap v0.0.0-20190927132224-c190691bd211 h1:PiivTZ10nwpNhdOLyoCPcYTxHMQ0K9vXUXG9PU19lmc=
github.com/tidwall/shardmap v0.0.0-20190927132224-c190691bd211/go.mod h1:Mrr4SdBhvY+pIzCrRJ8ZnbarljEN4ph2rh9GzjRQEWI=
github.com/xiao7737/concurrentMap v0.0.0-20200901065754-7a2620ff00fa h1:VoIA2z+lpiq/G84QoL6xVzF5tirreLS9HrbQC3uztFs=
github.com/xiao7737/concurrentMap v0.0.0-20200901065754-7a2620ff00fa/go.mod h1:NBjTcYwToit4Kw9WqLoR97YpDSuSlpbjdSKw23ar/Jk=
github.com/zhangyunhao116/fastrand v0.3.0 h1:7bwe124xcckPulX6fxtr2lFdO2KQqaefdtbk+mqO/Ig=
github.com/zhangyunhao116/fastrand v0.3.0/go.mod h1:0v5KgHho0VE6HU192HnY15de/oDS8UrbBChIFjIhBtc=
github.com/zhangyunhao116/skipmap v0.10.1 h1:CMH4yGZQESBM1kUNozQqQ+Ra2pKqwF3HxaTADOaIfPs=
github.com/zhangyunhao116/skipmap v0.10.1/go.mod h1:CClnLPHl3DI+hHgrcy0OZ/QJ45AWgA3ObVcQyJop12c=
golang.org/x/exp v0.0.0-20221031165847-c99f073a8326 h1:QfTh0HpN6hlw6D3vu8DAwC8pBIwikq0AI1evdm+FksE=
golang.org/x/exp v0.0.0-20221031165847-c99f073a8326/go.mod h1:CxIveKay+FTh1D0yPZemJVgC/95VzuuOLq5Qi4xnoYc=
gopkg.in/check.v1 v0.0.0-20161208181325-20d25e280405/go.mod h1:Co6ibVJAznAaIkqp8huTwlJQCZ016jof/cbN4VW5Yz0=
gopkg.in/yaml.v3 v3.0.0-20200313102051-9f266ea9e77c/go.mod h1:K4uyk7z7BCEPqu6E+C64Yfv1cQ7kz7rIZviUmN+EgEM=
gopkg.in/yaml.v3 v3.0.1 h1:fxVm/GzAzEWqLHuvctI91KS9hhNmmWOoWu0XTYJS7CA=
